
Microsoft Visual Studio Solution File, Format Version 12.00
# Visual Studio Version 17
VisualStudioVersion = 17.3.32901.215
MinimumVisualStudioVersion = 10.0.40219.1
Project("{FAE04EC0-301F-11D3-BF4B-00C04F79EFBC}") = "AutumnAssignmentFootball", "AutumnAssignmentFootball\AutumnAssignmentFootball.csproj", "{9A178AD3-DDC5-42CA-A400-E761FCEE52CE}"
EndProject
Project("{FAE04EC0-301F-11D3-BF4B-00C04F79EFBC}") = "AutumnAssignmentFootballTests", "AutumnAssignmentFootballTests\AutumnAssignmentFootballTests.csproj", "{0F4820D2-D3E9-4244-9656-DDA487E83901}"
EndProject
Global
	GlobalSection(SolutionConfigurationPlatforms) = preSolution
		Debug|Any CPU = Debug|Any CPU
		Release|Any CPU = Release|Any CPU
	EndGlobalSection
	GlobalSection(ProjectConfigurationPlatforms) = postSolution
		{9A178AD3-DDC5-42CA-A400-E761FCEE52CE}.Debug|Any CPU.ActiveCfg = Debug|Any CPU
		{9A178AD3-DDC5-42CA-A400-E761FCEE52CE}.Debug|Any CPU.Build.0 = Debug|Any CPU
		{9A178AD3-DDC5-42CA-A400-E761FCEE52CE}.Release|Any CPU.ActiveCfg = Release|Any CPU
		{9A178AD3-DDC5-42CA-A400-E761FCEE52CE}.Release|Any CPU.Build.0 = Release|Any CPU
		{0F4820D2-D3E9-4244-9656-DDA487E83901}.Debug|Any CPU.ActiveCfg = Debug|Any CPU
		{0F4820D2-D3E9-4244-9656-DDA487E83901}.Debug|Any CPU.Build.0 = Debug|Any CPU
		{0F4820D2-D3E9-4244-9656-DDA487E83901}.Release|Any CPU.ActiveCfg = Release|Any CPU
		{0F4820D2-D3E9-4244-9656-DDA487E83901}.Release|Any CPU.Build.0 = Release|Any CPU
	EndGlobalSection
	GlobalSection(SolutionProperties) = preSolution
		HideSolutionNode = FALSE
	EndGlobalSection
	GlobalSection(ExtensibilityGlobals) = postSolution
		SolutionGuid = {95FB2C1F-CAB8-4B98-B87A-558B0FF27C96}
	EndGlobalSection
EndGlobal
